
Microsoft Visual Studio Solution File, Format Version 12.00
# Visual Studio Version 17
VisualStudioVersion = 17.2.32602.215
MinimumVisualStudioVersion = 10.0.40219.1
Project("{FAE04EC0-301F-11D3-BF4B-00C04F79EFBC}") = "JDCI 1.5 - Arrays", "JDCI 1.5 - Arrays.csproj", "{5BE1467B-9F16-40EC-9245-18DCCC34C633}"
EndProject
Global
	GlobalSection(SolutionConfigurationPlatforms) = preSolution
		Debug|Any CPU = Debug|Any CPU
		Release|Any CPU = Release|Any CPU
	EndGlobalSection
	GlobalSection(ProjectConfigurationPlatforms) = postSolution
		{5BE1467B-9F16-40EC-9245-18DCCC34C633}.Debug|Any CPU.ActiveCfg = Debug|Any CPU
		{5BE1467B-9F16-40EC-9245-18DCCC34C633}.Debug|Any CPU.Build.0 = Debug|Any CPU
		{5BE1467B-9F16-40EC-9245-18DCCC34C633}.Release|Any CPU.ActiveCfg = Release|Any CPU
		{5BE1467B-9F16-40EC-9245-18DCCC34C633}.Release|Any CPU.Build.0 = Release|Any CPU
	EndGlobalSection
	GlobalSection(SolutionProperties) = preSolution
		HideSolutionNode = FALSE
	EndGlobalSection
	GlobalSection(ExtensibilityGlobals) = postSolution
		SolutionGuid = {82BD7925-9B3C-4421-B387-62CDA22F6BB6}
	EndGlobalSection
EndGlobal
